
Microsoft Visual Studio Solution File, Format Version 12.00
# Visual Studio Version 17
VisualStudioVersion = 17.4.33213.308
MinimumVisualStudioVersion = 10.0.40219.1
<<<<<<< Updated upstream
Project("{FAE04EC0-301F-11D3-BF4B-00C04F79EFBC}") = "RESTful API", "RESTful API\RESTful API.csproj", "{22BAE990-B6CB-4794-B8C4-DD24AEC4F0A3}"
=======
Project("{9A19103F-16F7-4668-BE54-9A1E7A4F7556}") = "RESTful API", "RESTful API\RESTful API.csproj", "{22BAE990-B6CB-4794-B8C4-DD24AEC4F0A3}"
>>>>>>> Stashed changes
EndProject
Global
	GlobalSection(SolutionConfigurationPlatforms) = preSolution
		Debug|Any CPU = Debug|Any CPU
		Release|Any CPU = Release|Any CPU
	EndGlobalSection
	GlobalSection(ProjectConfigurationPlatforms) = postSolution
		{22BAE990-B6CB-4794-B8C4-DD24AEC4F0A3}.Debug|Any CPU.ActiveCfg = Debug|Any CPU
		{22BAE990-B6CB-4794-B8C4-DD24AEC4F0A3}.Debug|Any CPU.Build.0 = Debug|Any CPU
		{22BAE990-B6CB-4794-B8C4-DD24AEC4F0A3}.Release|Any CPU.ActiveCfg = Release|Any CPU
		{22BAE990-B6CB-4794-B8C4-DD24AEC4F0A3}.Release|Any CPU.Build.0 = Release|Any CPU
	EndGlobalSection
	GlobalSection(SolutionProperties) = preSolution
		HideSolutionNode = FALSE
	EndGlobalSection
	GlobalSection(ExtensibilityGlobals) = postSolution
		SolutionGuid = {28A76498-C785-4E11-8CF1-953EF6DA616D}
	EndGlobalSection
EndGlobal
